
Microsoft Visual Studio Solution File, Format Version 12.00
# Visual Studio Version 17
VisualStudioVersion = 17.3.32929.385
MinimumVisualStudioVersion = 10.0.40219.1
Project("{FAE04EC0-301F-11D3-BF4B-00C04F79EFBC}") = "PrintPeople", "PrintPeople.csproj", "{670126E5-2E67-4966-A0BE-7ADAD6922EFC}"
EndProject
Global
	GlobalSection(SolutionConfigurationPlatforms) = preSolution
		Debug|Any CPU = Debug|Any CPU
		Release|Any CPU = Release|Any CPU
	EndGlobalSection
	GlobalSection(ProjectConfigurationPlatforms) = postSolution
		{670126E5-2E67-4966-A0BE-7ADAD6922EFC}.Debug|Any CPU.ActiveCfg = Debug|Any CPU
		{670126E5-2E67-4966-A0BE-7ADAD6922EFC}.Debug|Any CPU.Build.0 = Debug|Any CPU
		{670126E5-2E67-4966-A0BE-7ADAD6922EFC}.Release|Any CPU.ActiveCfg = Release|Any CPU
		{670126E5-2E67-4966-A0BE-7ADAD6922EFC}.Release|Any CPU.Build.0 = Release|Any CPU
	EndGlobalSection
	GlobalSection(SolutionProperties) = preSolution
		HideSolutionNode = FALSE
	EndGlobalSection
	GlobalSection(ExtensibilityGlobals) = postSolution
		SolutionGuid = {7CB10353-5752-425A-AFD4-76A74E36BCCC}
	EndGlobalSection
EndGlobal
