
Microsoft Visual Studio Solution File, Format Version 12.00
# Visual Studio Version 17
VisualStudioVersion = 17.1.32210.238
MinimumVisualStudioVersion = 10.0.40219.1
Project("{FAE04EC0-301F-11D3-BF4B-00C04F79EFBC}") = "JokeGeneratorWMarEw", "JokeGeneratorWMarEw.csproj", "{E1512BA8-A067-4102-9DC0-100B6B1AF37E}"
EndProject
Global
	GlobalSection(SolutionConfigurationPlatforms) = preSolution
		Debug|Any CPU = Debug|Any CPU
		Release|Any CPU = Release|Any CPU
	EndGlobalSection
	GlobalSection(ProjectConfigurationPlatforms) = postSolution
		{E1512BA8-A067-4102-9DC0-100B6B1AF37E}.Debug|Any CPU.ActiveCfg = Debug|Any CPU
		{E1512BA8-A067-4102-9DC0-100B6B1AF37E}.Debug|Any CPU.Build.0 = Debug|Any CPU
		{E1512BA8-A067-4102-9DC0-100B6B1AF37E}.Release|Any CPU.ActiveCfg = Release|Any CPU
		{E1512BA8-A067-4102-9DC0-100B6B1AF37E}.Release|Any CPU.Build.0 = Release|Any CPU
	EndGlobalSection
	GlobalSection(SolutionProperties) = preSolution
		HideSolutionNode = FALSE
	EndGlobalSection
	GlobalSection(ExtensibilityGlobals) = postSolution
		SolutionGuid = {88506135-9EBA-4F2D-8AC2-4F950D7D24C1}
	EndGlobalSection
EndGlobal
