
Microsoft Visual Studio Solution File, Format Version 12.00
# Visual Studio Version 17
VisualStudioVersion = 17.3.32929.385
MinimumVisualStudioVersion = 10.0.40219.1
Project("{FAE04EC0-301F-11D3-BF4B-00C04F79EFBC}") = "OppgaveTippeKuppongEnKamp", "OppgaveTippeKuppongEnKamp.csproj", "{0356789C-F369-4963-B7F6-E54483727B44}"
EndProject
Global
	GlobalSection(SolutionConfigurationPlatforms) = preSolution
		Debug|Any CPU = Debug|Any CPU
		Release|Any CPU = Release|Any CPU
	EndGlobalSection
	GlobalSection(ProjectConfigurationPlatforms) = postSolution
		{0356789C-F369-4963-B7F6-E54483727B44}.Debug|Any CPU.ActiveCfg = Debug|Any CPU
		{0356789C-F369-4963-B7F6-E54483727B44}.Debug|Any CPU.Build.0 = Debug|Any CPU
		{0356789C-F369-4963-B7F6-E54483727B44}.Release|Any CPU.ActiveCfg = Release|Any CPU
		{0356789C-F369-4963-B7F6-E54483727B44}.Release|Any CPU.Build.0 = Release|Any CPU
	EndGlobalSection
	GlobalSection(SolutionProperties) = preSolution
		HideSolutionNode = FALSE
	EndGlobalSection
	GlobalSection(ExtensibilityGlobals) = postSolution
		SolutionGuid = {26B05A56-BB0C-4ADC-8C5C-8917834F6F94}
	EndGlobalSection
EndGlobal
