
Microsoft Visual Studio Solution File, Format Version 12.00
# Visual Studio Version 17
VisualStudioVersion = 17.1.32210.238
MinimumVisualStudioVersion = 10.0.40219.1
Project("{FAE04EC0-301F-11D3-BF4B-00C04F79EFBC}") = "ConsoleApp1", "ConsoleApp1.csproj", "{199FC091-0D32-4114-9E0F-9F0263E2149D}"
EndProject
Global
	GlobalSection(SolutionConfigurationPlatforms) = preSolution
		Debug|Any CPU = Debug|Any CPU
		Release|Any CPU = Release|Any CPU
	EndGlobalSection
	GlobalSection(ProjectConfigurationPlatforms) = postSolution
		{199FC091-0D32-4114-9E0F-9F0263E2149D}.Debug|Any CPU.ActiveCfg = Debug|Any CPU
		{199FC091-0D32-4114-9E0F-9F0263E2149D}.Debug|Any CPU.Build.0 = Debug|Any CPU
		{199FC091-0D32-4114-9E0F-9F0263E2149D}.Release|Any CPU.ActiveCfg = Release|Any CPU
		{199FC091-0D32-4114-9E0F-9F0263E2149D}.Release|Any CPU.Build.0 = Release|Any CPU
	EndGlobalSection
	GlobalSection(SolutionProperties) = preSolution
		HideSolutionNode = FALSE
	EndGlobalSection
	GlobalSection(ExtensibilityGlobals) = postSolution
		SolutionGuid = {FA1EF41B-54E7-4D4B-8927-CA8E2C7C68D4}
	EndGlobalSection
EndGlobal
