
Microsoft Visual Studio Solution File, Format Version 12.00
# Visual Studio Version 17
VisualStudioVersion = 17.1.32210.238
MinimumVisualStudioVersion = 10.0.40219.1
Project("{FAE04EC0-301F-11D3-BF4B-00C04F79EFBC}") = "soscialMedia", "soscialMedia.csproj", "{AEAF9C29-8F8E-4F29-80BD-ECCF338E3FD7}"
EndProject
Global
	GlobalSection(SolutionConfigurationPlatforms) = preSolution
		Debug|Any CPU = Debug|Any CPU
		Release|Any CPU = Release|Any CPU
	EndGlobalSection
	GlobalSection(ProjectConfigurationPlatforms) = postSolution
		{AEAF9C29-8F8E-4F29-80BD-ECCF338E3FD7}.Debug|Any CPU.ActiveCfg = Debug|Any CPU
		{AEAF9C29-8F8E-4F29-80BD-ECCF338E3FD7}.Debug|Any CPU.Build.0 = Debug|Any CPU
		{AEAF9C29-8F8E-4F29-80BD-ECCF338E3FD7}.Release|Any CPU.ActiveCfg = Release|Any CPU
		{AEAF9C29-8F8E-4F29-80BD-ECCF338E3FD7}.Release|Any CPU.Build.0 = Release|Any CPU
	EndGlobalSection
	GlobalSection(SolutionProperties) = preSolution
		HideSolutionNode = FALSE
	EndGlobalSection
	GlobalSection(ExtensibilityGlobals) = postSolution
		SolutionGuid = {11BA63CC-DD45-4989-BBB7-980ED2347675}
	EndGlobalSection
EndGlobal
